# Generated by buf. DO NOT EDIT.
version: v2
deps:
  - name: buf.build/bufbuild/protovalidate
    commit: 52f32327d4b045a79293a6ad4e7e1236
    digest: b5:cbabc98d4b7b7b0447c9b15f68eeb8a7a44ef8516cb386ac5f66e7fd4062cd6723ed3f452ad8c384b851f79e33d26e7f8a94e2b807282b3def1cd966c7eace97
  - name: buf.build/googleapis/googleapis
    commit: 72c8614f3bd0466ea67931ef2c43d608
    digest: b5:13efeea24e633fd45327390bdee941207a8727e96cf01affb84c1e4100fd8f48a42bbd508df11930cd2884629bafad685df1ac3111bc78cdaefcd38c9371c6b1
  - name: buf.build/grpc-ecosystem/grpc-gateway
    commit: a48fcebcf8f140dd9d09359b9bb185a4
    digest: b5:330af8a71b579ab96c4f3ee26929d1a68a5a9e986c7cfe0a898591fc514216bb6e723dc04c74d90fdee3f3f14f9100a54b4f079eb273e6e7213f0d5baca36ff8
  - name: buf.build/redpandadata/common
    commit: 9feeb258823648009d54c7c2b8a22524
    digest: b5:669904f69cff7bf106d81dd30f417dcc64f511da31db1abff2ace9fc4530580ce8da68eb8f5863f6c36d6bb6d9209a6cc61239144f968eae9bbe249440111762
  - name: buf.build/redpandadata/core
    commit: 9bdd967d0bf74201b7f0fcbae0b29add
    digest: b5:30025fe09224df8c19b9023a63a4f138809086458d8b22c0c90f9f88a7aab73a66080bc44e2df95b5f491879d8c01878f0a15d5ce7195079e3100001e4633477
