# Generated by buf. DO NOT EDIT.
version: v2
deps:
  - name: buf.build/bufbuild/protovalidate
    commit: 50325440f8f24053b047484a6bf60b76
    digest: b5:74cb6f5c0853c3c10aafc701614194bbd63326bdb8ef4068214454b8894b03ba4113e04b3a33a8321cdf05336e37db4dc14a5e2495db8462566914f36086ba31
  - name: buf.build/googleapis/googleapis
    commit: c17df5b2beca46928cc87d5656bd5343
    digest: b5:648a01e0170d4512dea7d564016165decd1ed6e34bef79fe54753e51ad7e27545709ad9157d7551270147d551155c595a2fb0bf5bb33b1c83040ddbce915c604
  - name: buf.build/grpc-ecosystem/grpc-gateway
    commit: a48fcebcf8f140dd9d09359b9bb185a4
    digest: b5:330af8a71b579ab96c4f3ee26929d1a68a5a9e986c7cfe0a898591fc514216bb6e723dc04c74d90fdee3f3f14f9100a54b4f079eb273e6e7213f0d5baca36ff8
  - name: buf.build/redpandadata/cloud
    commit: 4e26eb166cc94aa293f60bb7b9bccc72
    digest: b5:0c01205fc203588c4c94c733dfadf51a1087a3bfa00ff59d2fc4a862f08353f03073f0c46c474022e7028d7fea90fd404948977aec60c0052d0255debf424724
  - name: buf.build/redpandadata/common
    commit: 5d899910f71449dda17179c2e198100d
    digest: b5:4e81172ea170ff50a2d56f299996105a2384c9d2c0e2d0857caba19c7e81f6a9999f027c75dcf89737156c38a86c63d4e4781106b7e8fff057ec3e8de371b2e3
  - name: buf.build/redpandadata/core
    commit: 923579c57f1c44cf96c1cd70650f84d2
    digest: b5:9090746289935499e8213abfc25dda13d57853f3a36906897f4982eda7ec3a6d4c24640772e32d0d06450c06f8c11fea45836cbf6970e27580f838c02789d601
  - name: buf.build/redpandadata/otel
    commit: 3635d3966b23416a99aac2f0ebe67613
    digest: b5:877f9f51d02ec3d6c84d86d33686bdd680f301ce24809ee2ef797258b3e4afe701d5dbf4f082d024f4bc1a1859cb7ad477c164a354c6720253153962aef8f7ac
