{
  "lockfileVersion": 1,
  "workspaces": {
    "": {
      "dependencies": {
        "@biomejs/biome": "2.0.6",
      },
    },
  },
  "packages": {
    "@biomejs/biome": ["@biomejs/biome@2.0.6", "", { "optionalDependencies": { "@biomejs/cli-darwin-arm64": "2.0.6", "@biomejs/cli-darwin-x64": "2.0.6", "@biomejs/cli-linux-arm64": "2.0.6", "@biomejs/cli-linux-arm64-musl": "2.0.6", "@biomejs/cli-linux-x64": "2.0.6", "@biomejs/cli-linux-x64-musl": "2.0.6", "@biomejs/cli-win32-arm64": "2.0.6", "@biomejs/cli-win32-x64": "2.0.6" }, "bin": { "biome": "bin/biome" } }, "sha512-RRP+9cdh5qwe2t0gORwXaa27oTOiQRQvrFf49x2PA1tnpsyU7FIHX4ZOFMtBC4QNtyWsN7Dqkf5EDbg4X+9iqA=="],

    "@biomejs/cli-darwin-arm64": ["@biomejs/cli-darwin-arm64@2.0.6", "", { "os": "darwin", "cpu": "arm64" }, "sha512-AzdiNNjNzsE6LfqWyBvcL29uWoIuZUkndu+wwlXW13EKcBHbbKjNQEZIJKYDc6IL+p7bmWGx3v9ZtcRyIoIz5A=="],

    "@biomejs/cli-darwin-x64": ["@biomejs/cli-darwin-x64@2.0.6", "", { "os": "darwin", "cpu": "x64" }, "sha512-wJjjP4E7bO4WJmiQaLnsdXMa516dbtC6542qeRkyJg0MqMXP0fvs4gdsHhZ7p9XWTAmGIjZHFKXdsjBvKGIJJQ=="],

    "@biomejs/cli-linux-arm64": ["@biomejs/cli-linux-arm64@2.0.6", "", { "os": "linux", "cpu": "arm64" }, "sha512-ZSVf6TYo5rNMUHIW1tww+rs/krol7U5A1Is/yzWyHVZguuB0lBnIodqyFuwCNqG9aJGyk7xIMS8HG0qGUPz0SA=="],

    "@biomejs/cli-linux-arm64-musl": ["@biomejs/cli-linux-arm64-musl@2.0.6", "", { "os": "linux", "cpu": "arm64" }, "sha512-CVPEMlin3bW49sBqLBg2x016Pws7eUXA27XYDFlEtponD0luYjg2zQaMJ2nOqlkKG9fqzzkamdYxHdMDc2gZFw=="],

    "@biomejs/cli-linux-x64": ["@biomejs/cli-linux-x64@2.0.6", "", { "os": "linux", "cpu": "x64" }, "sha512-geM1MkHTV1Kh2Cs/Xzot9BOF3WBacihw6bkEmxkz4nSga8B9/hWy5BDiOG3gHDGIBa8WxT0nzsJs2f/hPqQIQw=="],

    "@biomejs/cli-linux-x64-musl": ["@biomejs/cli-linux-x64-musl@2.0.6", "", { "os": "linux", "cpu": "x64" }, "sha512-mKHE/e954hR/hSnAcJSjkf4xGqZc/53Kh39HVW1EgO5iFi0JutTN07TSjEMg616julRtfSNJi0KNyxvc30Y4rQ=="],

    "@biomejs/cli-win32-arm64": ["@biomejs/cli-win32-arm64@2.0.6", "", { "os": "win32", "cpu": "arm64" }, "sha512-290V4oSFoKaprKE1zkYVsDfAdn0An5DowZ+GIABgjoq1ndhvNxkJcpxPsiYtT7slbVe3xmlT0ncdfOsN7KruzA=="],

    "@biomejs/cli-win32-x64": ["@biomejs/cli-win32-x64@2.0.6", "", { "os": "win32", "cpu": "x64" }, "sha512-bfM1Bce0d69Ao7pjTjUS+AWSZ02+5UHdiAP85Th8e9yV5xzw6JrHXbL5YWlcEKQ84FIZMdDc7ncuti1wd2sdbw=="],
  }
}
