# Generated by buf. DO NOT EDIT.
version: v1
deps:
  - remote: buf.build
    owner: bufbuild
    repository: protovalidate
    commit: 5a7b106cbb87462d9a8c9ffecdbd2e38
    digest: shake256:2f7efa5a904668219f039d4f6eeb51e871f8f7f5966055a10663cba335bd65f76cac84da3fa758ab7b5dcb489ec599521390ce3951d119fb56df1fc2def16bb0
  - remote: buf.build
    owner: googleapis
    repository: googleapis
    commit: e7f8d366f5264595bcc4cd4139af9973
    digest: shake256:e5e5f1c12f82e028ea696faa43b4f9dc6258a6d1226282962a8c8b282e10946281d815884f574bd279ebd9cd7588629beb3db17b892af6c33b56f92f8f67f509
  - remote: buf.build
    owner: grpc-ecosystem
    repository: grpc-gateway
    commit: a1ecdc58eccd49aa8bea2a7a9022dc27
    digest: shake256:efdd86fbdc42e8b7259fe461a49656827a03fb7cba0b3b9eb622ca10654ec6beccb9a051229c1553ccd89ed3e95d69ad4d7c799f1da3f3f1bd447b7947a4893e
